
Microsoft Visual Studio Solution File, Format Version 12.00
Project("{FAE04EC0-301F-11D3-BF4B-00C04F79EFBC}") = "BudgetTest", "BudgetTest\BudgetTest.csproj", "{ECBFD60D-8973-41E2-BD7D-F9BD234D6040}"
EndProject
Global
	GlobalSection(SolutionConfigurationPlatforms) = preSolution
		Debug|Any CPU = Debug|Any CPU
		Release|Any CPU = Release|Any CPU
	EndGlobalSection
	GlobalSection(ProjectConfigurationPlatforms) = postSolution
		{ECBFD60D-8973-41E2-BD7D-F9BD234D6040}.Debug|Any CPU.ActiveCfg = Debug|Any CPU
		{ECBFD60D-8973-41E2-BD7D-F9BD234D6040}.Debug|Any CPU.Build.0 = Debug|Any CPU
		{ECBFD60D-8973-41E2-BD7D-F9BD234D6040}.Release|Any CPU.ActiveCfg = Release|Any CPU
		{ECBFD60D-8973-41E2-BD7D-F9BD234D6040}.Release|Any CPU.Build.0 = Release|Any CPU
	EndGlobalSection
EndGlobal
